
Microsoft Visual Studio Solution File, Format Version 12.00
# Visual Studio 2015
Project("{FAE04EC0-301F-11D3-BF4B-00C04F79EFBC}") = "GameDesign.CSharp", "GameDesign.CSharp.csproj", "{FAA4084A-5D89-B9C6-228E-898361BAD2D9}"
EndProject
Global
	GlobalSection(SolutionConfigurationPlatforms) = preSolution
		Debug|Any CPU = Debug|Any CPU
		Release|Any CPU = Release|Any CPU
	EndGlobalSection
	GlobalSection(ProjectConfigurationPlatforms) = postSolution
		{FAA4084A-5D89-B9C6-228E-898361BAD2D9}.Debug|Any CPU.ActiveCfg = Debug|Any CPU
		{FAA4084A-5D89-B9C6-228E-898361BAD2D9}.Debug|Any CPU.Build.0 = Debug|Any CPU
		{FAA4084A-5D89-B9C6-228E-898361BAD2D9}.Release|Any CPU.ActiveCfg = Release|Any CPU
		{FAA4084A-5D89-B9C6-228E-898361BAD2D9}.Release|Any CPU.Build.0 = Release|Any CPU
	EndGlobalSection
	GlobalSection(SolutionProperties) = preSolution
		HideSolutionNode = FALSE
	EndGlobalSection
EndGlobal
